
Microsoft Visual Studio Solution File, Format Version 12.00
# Visual Studio 14
VisualStudioVersion = 14.0.24720.0
MinimumVisualStudioVersion = 10.0.40219.1
Project("{FAE04EC0-301F-11D3-BF4B-00C04F79EFBC}") = "UBH.TheITBlog", "UBH.TheITBlog\UBH.TheITBlog.csproj", "{13709BFA-AC55-4657-89F2-DD6DF65C5086}"
EndProject
Project("{FAE04EC0-301F-11D3-BF4B-00C04F79EFBC}") = "BlogEngine", "BlogEngine\BlogEngine.csproj", "{76C84FAC-8884-4909-862C-2FB40F9277D3}"
EndProject
Global
	GlobalSection(SolutionConfigurationPlatforms) = preSolution
		Debug|Any CPU = Debug|Any CPU
		Release|Any CPU = Release|Any CPU
	EndGlobalSection
	GlobalSection(ProjectConfigurationPlatforms) = postSolution
		{13709BFA-AC55-4657-89F2-DD6DF65C5086}.Debug|Any CPU.ActiveCfg = Debug|Any CPU
		{13709BFA-AC55-4657-89F2-DD6DF65C5086}.Debug|Any CPU.Build.0 = Debug|Any CPU
		{13709BFA-AC55-4657-89F2-DD6DF65C5086}.Release|Any CPU.ActiveCfg = Release|Any CPU
		{13709BFA-AC55-4657-89F2-DD6DF65C5086}.Release|Any CPU.Build.0 = Release|Any CPU
		{76C84FAC-8884-4909-862C-2FB40F9277D3}.Debug|Any CPU.ActiveCfg = Debug|Any CPU
		{76C84FAC-8884-4909-862C-2FB40F9277D3}.Debug|Any CPU.Build.0 = Debug|Any CPU
		{76C84FAC-8884-4909-862C-2FB40F9277D3}.Release|Any CPU.ActiveCfg = Release|Any CPU
		{76C84FAC-8884-4909-862C-2FB40F9277D3}.Release|Any CPU.Build.0 = Release|Any CPU
	EndGlobalSection
	GlobalSection(SolutionProperties) = preSolution
		HideSolutionNode = FALSE
	EndGlobalSection
EndGlobal
